{
  "name": "living-board",
  "version": "1.0.0",
  "lockfileVersion": 3,
  "requires": true,
  "packages": {
    "": {
      "name": "living-board",
      "version": "1.0.0",
      "license": "ISC",
      "dependencies": {
        "toku-agent": "github:lilyevesinclair/toku-agent"
      }
    },
    "node_modules/toku-agent": {
      "version": "0.1.0",
      "resolved": "git+ssh://git@github.com/lilyevesinclair/toku-agent.git#1c50c6c6409444e7c84b063c535ce0e006e79636",
      "license": "MIT",
      "engines": {
        "node": ">=18.0.0"
      }
    }
  }
}
